{
  "name": "dental_practice_admin",
  "lockfileVersion": 3,
  "requires": true,
  "packages": {
    "": {
      "dependencies": {
        "@json-editor/json-editor": "2.17.2",
        "@playwright/mcp": "0.0.83",
        "bootstrap": "5.3.8"
      }
    },
    "node_modules/@json-editor/json-editor": {
      "version": "2.17.2",
      "resolved": "https://registry.npmjs.org/@json-editor/json-editor/-/json-editor-2.17.2.tgz",
      "integrity": "sha512-np0V7s3wSxMq76/GA4S9yDO7iPpX7rFbuCW1C8VqJ3uOZmwatFTV9tirFWKl0rn05PQrnU9MPGo6sP6LUt+kGw==",
      "license": "MIT",
      "dependencies": {
        "core-js": "^3.27.2"
      },
      "engines": {
        "node": ">= 0.8.0"
      }
    },
    "node_modules/@playwright/mcp": {
      "version": "0.0.83",
      "resolved": "https://registry.npmjs.org/@playwright/mcp/-/mcp-0.0.83.tgz",
      "integrity": "sha512-oNcl+Ae2/IAjhfPeP46BfIkSakfmprY+aOtkv5MjrQ4lPav4/yNtPhL0iq8SlIM90oApWgBDUxaNKvktazUKOg==",
      "license": "Apache-2.0",
      "dependencies": {
        "playwright": "1.64.0-alpha-1790635538000",
        "playwright-core": "1.64.0-alpha-1790635538000"
      },
      "bin": {
        "playwright-mcp": "cli.js"
      },
      "engines": {
        "node": ">=18"
      }
    },
    "node_modules/@popperjs/core": {
      "version": "2.11.8",
      "resolved": "https://registry.npmjs.org/@popperjs/core/-/core-2.11.8.tgz",
      "integrity": "sha512-P1st0aksCrn9sGZhp8GMYwBnQsbvAWsZAX44oXNNvLHGqAOcoVxmjZiohstwQ7SqKnbR47akdNi+uleWD8+g6A==",
      "license": "MIT",
      "peer": true,
      "funding": {
        "type": "opencollective",
        "url": "https://opencollective.com/popperjs"
      }
    },
    "node_modules/bootstrap": {
      "version": "5.3.8",
      "resolved": "https://registry.npmjs.org/bootstrap/-/bootstrap-5.3.8.tgz",
      "integrity": "sha512-HP1SZDqaLDPwsNiqRqi5NcP0SSXciX2s9E+RyqJIIqGo+vJeN5AJVM98CXmW/Wux0nQ5L7jeWUdplCEf0Ee+tg==",
      "funding": [
        {
          "type": "github",
          "url": "https://github.com/sponsors/twbs"
        },
        {
          "type": "opencollective",
          "url": "https://opencollective.com/bootstrap"
        }
      ],
      "license": "MIT",
      "peerDependencies": {
        "@popperjs/core": "^2.11.8"
      }
    },
    "node_modules/core-js": {
      "version": "3.50.0",
      "resolved": "https://registry.npmjs.org/core-js/-/core-js-3.50.0.tgz",
      "integrity": "sha512-BRWgOLKkFeCgRudR6zrs8p9XJZcE14grzKMMssoYrk6krtuEZ7MTKPIY5RzOnqsEKIR9kst7wNzphttraT+Yqw==",
      "hasInstallScript": true,
      "license": "MIT",
      "engines": {
        "node": "*"
      },
      "funding": {
        "type": "opencollective",
        "url": "https://opencollective.com/core-js"
      }
    },
    "node_modules/playwright": {
      "version": "1.64.0-alpha-1790635538000",
      "resolved": "https://registry.npmjs.org/playwright/-/playwright-1.64.0-alpha-1790635538000.tgz",
      "integrity": "sha512-/5XDUMxpOd/9AojJtWDFIRV3EJZNQ0AwvK69wgt3CPzy8wTgiBG9pX45VfxtqtvIRGwfWzMhrvawNKreG69Snw==",
      "license": "Apache-2.0",
      "dependencies": {
        "playwright-core": "1.64.0-alpha-1790635538000"
      },
      "bin": {
        "playwright": "cli.js"
      },
      "engines": {
        "node": ">=20"
      }
    },
    "node_modules/playwright-core": {
      "version": "1.64.0-alpha-1790635538000",
      "resolved": "https://registry.npmjs.org/playwright-core/-/playwright-core-1.64.0-alpha-1790635538000.tgz",
      "integrity": "sha512-pNwaXirhXMRLaRQs4NQ18EpTdtDoFwyPH9FOaaDC7YXG4hpwE2xmwCic/1srbuExVQC7zT9LJSJpDBAru+Vo9A==",
      "license": "Apache-2.0",
      "bin": {
        "playwright-core": "cli.js"
      },
      "engines": {
        "node": ">=20"
      }
    }
  }
}
